<?xml version="1.0" encoding="UTF-8"?>
<!DOCTYPE plist PUBLIC "-//Apple//DTD PLIST 1.0//EN" "http://www.apple.com/DTDs/PropertyList-1.0.dtd">
<plist version="1.0">
<dict>
	<key>archiveVersion</key>
	<string>1</string>
	<key>classes</key>
	<dict/>
	<key>objectVersion</key>
	<string>46</string>
	<key>objects</key>
	<dict>
		<key>003E24783CF2DEA88356CB26</key>
		<dict>
			<key>buildActionMask</key>
			<string>2147483647</string>
			<key>files</key>
			<array/>
			<key>inputPaths</key>
			<array/>
			<key>isa</key>
			<string>PBXShellScriptBuildPhase</string>
			<key>name</key>
			<string>Copy Pods Resources</string>
			<key>outputPaths</key>
			<array/>
			<key>runOnlyForDeploymentPostprocessing</key>
			<string>0</string>
			<key>shellPath</key>
			<string>/bin/sh</string>
			<key>shellScript</key>
			<string>"${SRCROOT}/Pods/Target Support Files/Pods-FarmersMarketLocator/Pods-FarmersMarketLocator-resources.sh"
</string>
			<key>showEnvVarsInLog</key>
			<string>0</string>
		</dict>
		<key>02F904EDCF8946A897CA1C2A</key>
		<dict>
			<key>includeInIndex</key>
			<string>1</string>
			<key>isa</key>
			<string>PBXFileReference</string>
			<key>lastKnownFileType</key>
			<string>text.xcconfig</string>
			<key>name</key>
			<string>Pods-FarmersMarketLocator.release.xcconfig</string>
			<key>path</key>
			<string>Pods/Target Support Files/Pods-FarmersMarketLocator/Pods-FarmersMarketLocator.release.xcconfig</string>
			<key>sourceTree</key>
			<string>&lt;group&gt;</string>
		</dict>
		<key>0DE4A825F3A5ADCB70B3E46A</key>
		<dict>
			<key>explicitFileType</key>
			<string>wrapper.framework</string>
			<key>includeInIndex</key>
			<string>0</string>
			<key>isa</key>
			<string>PBXFileReference</string>
			<key>path</key>
			<string>Pods_FarmersMarketLocator.framework</string>
			<key>sourceTree</key>
			<string>BUILT_PRODUCTS_DIR</string>
		</dict>
		<key>1687E4D0339E4E560B3F1FAC</key>
		<dict>
			<key>fileRef</key>
			<string>0DE4A825F3A5ADCB70B3E46A</string>
			<key>isa</key>
			<string>PBXBuildFile</string>
		</dict>
		<key>1F1746931CB460C10018383B</key>
		<dict>
			<key>fileEncoding</key>
			<string>4</string>
			<key>isa</key>
			<string>PBXFileReference</string>
			<key>lastKnownFileType</key>
			<string>sourcecode.c.h</string>
			<key>path</key>
			<string>FMLPinAnnotationView.h</string>
			<key>sourceTree</key>
			<string>&lt;group&gt;</string>
		</dict>
		<key>1F1746941CB460C10018383B</key>
		<dict>
			<key>fileEncoding</key>
			<string>4</string>
			<key>isa</key>
			<string>PBXFileReference</string>
			<key>lastKnownFileType</key>
			<string>sourcecode.c.objc</string>
			<key>path</key>
			<string>FMLPinAnnotationView.m</string>
			<key>sourceTree</key>
			<string>&lt;group&gt;</string>
		</dict>
		<key>1F1746951CB460C10018383B</key>
		<dict>
			<key>fileRef</key>
			<string>1F1746941CB460C10018383B</string>
			<key>isa</key>
			<string>PBXBuildFile</string>
		</dict>
		<key>1F3ED9501CAB0AE40038F590</key>
		<dict>
			<key>children</key>
			<array>
				<string>1F3ED95B1CAB0AE50038F590</string>
				<string>1F3ED9751CAB0AE50038F590</string>
				<string>1F3ED9801CAB0AE50038F590</string>
				<string>1F3ED95A1CAB0AE40038F590</string>
				<string>6CEB409296946995A9ED374D</string>
				<string>F6DD38CCFF2543FDA5788BC3</string>
			</array>
			<key>isa</key>
			<string>PBXGroup</string>
			<key>sourceTree</key>
			<string>&lt;group&gt;</string>
		</dict>
		<key>1F3ED9511CAB0AE40038F590</key>
		<dict>
			<key>attributes</key>
			<dict>
				<key>LastUpgradeCheck</key>
				<string>0720</string>
				<key>ORGANIZATIONNAME</key>
				<string>Jeff Spingeld</string>
				<key>TargetAttributes</key>
				<dict>
					<key>1F3ED9581CAB0AE40038F590</key>
					<dict>
						<key>CreatedOnToolsVersion</key>
						<string>7.2.1</string>
						<key>DevelopmentTeam</key>
						<string>KXY9EDFTF5</string>
					</dict>
					<key>1F3ED9711CAB0AE50038F590</key>
					<dict>
						<key>CreatedOnToolsVersion</key>
						<string>7.2.1</string>
						<key>DevelopmentTeam</key>
						<string>P6N4QU9C7Y</string>
						<key>TestTargetID</key>
						<string>1F3ED9581CAB0AE40038F590</string>
					</dict>
					<key>1F3ED97C1CAB0AE50038F590</key>
					<dict>
						<key>CreatedOnToolsVersion</key>
						<string>7.2.1</string>
						<key>DevelopmentTeam</key>
						<string>P6N4QU9C7Y</string>
						<key>TestTargetID</key>
						<string>1F3ED9581CAB0AE40038F590</string>
					</dict>
				</dict>
			</dict>
			<key>buildConfigurationList</key>
			<string>1F3ED9541CAB0AE40038F590</string>
			<key>compatibilityVersion</key>
			<string>Xcode 3.2</string>
			<key>developmentRegion</key>
			<string>English</string>
			<key>hasScannedForEncodings</key>
			<string>0</string>
			<key>isa</key>
			<string>PBXProject</string>
			<key>knownRegions</key>
			<array>
				<string>en</string>
				<string>Base</string>
			</array>
			<key>mainGroup</key>
			<string>1F3ED9501CAB0AE40038F590</string>
			<key>productRefGroup</key>
			<string>1F3ED95A1CAB0AE40038F590</string>
			<key>projectDirPath</key>
			<string></string>
			<key>projectReferences</key>
			<array/>
			<key>projectRoot</key>
			<string></string>
			<key>targets</key>
			<array>
				<string>1F3ED9581CAB0AE40038F590</string>
				<string>1F3ED9711CAB0AE50038F590</string>
				<string>1F3ED97C1CAB0AE50038F590</string>
			</array>
		</dict>
		<key>1F3ED9541CAB0AE40038F590</key>
		<dict>
			<key>buildConfigurations</key>
			<array>
				<string>1F3ED9841CAB0AE50038F590</string>
				<string>1F3ED9851CAB0AE50038F590</string>
			</array>
			<key>defaultConfigurationIsVisible</key>
			<string>0</string>
			<key>defaultConfigurationName</key>
			<string>Release</string>
			<key>isa</key>
			<string>XCConfigurationList</string>
		</dict>
		<key>1F3ED9551CAB0AE40038F590</key>
		<dict>
			<key>buildActionMask</key>
			<string>2147483647</string>
			<key>files</key>
			<array>
				<string>8BBD3FFE1CAEA8AB00A1DB0E</string>
				<string>E1F95DCD1CAB12D6009DA977</string>
				<string>8BE219A71CAF0A980014D046</string>
				<string>8BBD400D1CAED53E00A1DB0E</string>
				<string>8BE219AA1CAF1D610014D046</string>
				<string>1F3ED9611CAB0AE50038F590</string>
				<string>A38473B31CADAF7200ED08CA</string>
				<string>8BC2BA411CADD02E005DD7F3</string>
				<string>1F3ED95E1CAB0AE50038F590</string>
				<string>8B5635C11CAF0858007DC27E</string>
				<string>8B5635981CAF081A007DC27E</string>
				<string>1F1746951CB460C10018383B</string>
				<string>A38473B61CADAFC300ED08CA</string>
				<string>8B0548B51CBEBEFA00843CB4</string>
				<string>8BBBD8B51CBE8FBE00043DD5</string>
				<string>8B9E5A811CB2F7DA0050915D</string>
				<string>8BBD400A1CAEB81700A1DB0E</string>
			</array>
			<key>isa</key>
			<string>PBXSourcesBuildPhase</string>
			<key>runOnlyForDeploymentPostprocessing</key>
			<string>0</string>
		</dict>
		<key>1F3ED9561CAB0AE40038F590</key>
		<dict>
			<key>buildActionMask</key>
			<string>2147483647</string>
			<key>files</key>
			<array>
				<string>8BC2BA3E1CADCAF0005DD7F3</string>
				<string>8BC2BA3C1CADCAEB005DD7F3</string>
				<string>1687E4D0339E4E560B3F1FAC</string>
			</array>
			<key>isa</key>
			<string>PBXFrameworksBuildPhase</string>
			<key>runOnlyForDeploymentPostprocessing</key>
			<string>0</string>
		</dict>
		<key>1F3ED9571CAB0AE40038F590</key>
		<dict>
			<key>buildActionMask</key>
			<string>2147483647</string>
			<key>files</key>
			<array>
				<string>8BAC6A891CB7E615001EEDE1</string>
				<string>8B9E5A831CB2F7E80050915D</string>
				<string>8BAC6A8C1CB7E615001EEDE1</string>
				<string>8BAC6A8B1CB7E615001EEDE1</string>
				<string>8BAC6A911CB7E615001EEDE1</string>
				<string>8BAC6A8A1CB7E615001EEDE1</string>
				<string>1F3ED96C1CAB0AE50038F590</string>
				<string>1F3ED9691CAB0AE50038F590</string>
				<string>1F3ED9671CAB0AE50038F590</string>
				<string>8BAC6A8E1CB7E615001EEDE1</string>
				<string>8BAC6A8F1CB7E615001EEDE1</string>
				<string>8BAC6A901CB7E615001EEDE1</string>
				<string>8BAC6A921CB7E615001EEDE1</string>
				<string>8BAC6A8D1CB7E615001EEDE1</string>
			</array>
			<key>isa</key>
			<string>PBXResourcesBuildPhase</string>
			<key>runOnlyForDeploymentPostprocessing</key>
			<string>0</string>
		</dict>
		<key>1F3ED9581CAB0AE40038F590</key>
		<dict>
			<key>buildConfigurationList</key>
			<string>1F3ED9861CAB0AE50038F590</string>
			<key>buildPhases</key>
			<array>
				<string>926376B9806E734EEB712D1C</string>
				<string>1F3ED9551CAB0AE40038F590</string>
				<string>1F3ED9561CAB0AE40038F590</string>
				<string>1F3ED9571CAB0AE40038F590</string>
				<string>AAC71EDC0DAE98F737E5FE27</string>
				<string>003E24783CF2DEA88356CB26</string>
			</array>
			<key>buildRules</key>
			<array/>
			<key>dependencies</key>
			<array/>
			<key>isa</key>
			<string>PBXNativeTarget</string>
			<key>name</key>
			<string>FarmersMarketLocator</string>
			<key>productName</key>
			<string>FarmersMarketLocator</string>
			<key>productReference</key>
			<string>1F3ED9591CAB0AE40038F590</string>
			<key>productType</key>
			<string>com.apple.product-type.application</string>
		</dict>
		<key>1F3ED9591CAB0AE40038F590</key>
		<dict>
			<key>explicitFileType</key>
			<string>wrapper.application</string>
			<key>includeInIndex</key>
			<string>0</string>
			<key>isa</key>
			<string>PBXFileReference</string>
			<key>path</key>
			<string>FarmersMarketLocator.app</string>
			<key>sourceTree</key>
			<string>BUILT_PRODUCTS_DIR</string>
		</dict>
		<key>1F3ED95A1CAB0AE40038F590</key>
		<dict>
			<key>children</key>
			<array>
				<string>1F3ED9591CAB0AE40038F590</string>
				<string>1F3ED9721CAB0AE50038F590</string>
				<string>1F3ED97D1CAB0AE50038F590</string>
			</array>
			<key>isa</key>
			<string>PBXGroup</string>
			<key>name</key>
			<string>Products</string>
			<key>sourceTree</key>
			<string>&lt;group&gt;</string>
		</dict>
		<key>1F3ED95B1CAB0AE50038F590</key>
		<dict>
			<key>children</key>
			<array>
				<string>1F3ED95F1CAB0AE50038F590</string>
				<string>1F3ED9601CAB0AE50038F590</string>
				<string>8B5635BF1CAF0858007DC27E</string>
				<string>8B5635C01CAF0858007DC27E</string>
				<string>8BBD40071CAEAF3800A1DB0E</string>
				<string>8BBD40021CAEAD6600A1DB0E</string>
				<string>8BBD40061CAEAED600A1DB0E</string>
				<string>8BBD40051CAEADA200A1DB0E</string>
				<string>8BBD40031CAEAD7C00A1DB0E</string>
				<string>8BBD40041CAEAD9300A1DB0E</string>
				<string>1F3ED95C1CAB0AE50038F590</string>
			</array>
			<key>isa</key>
			<string>PBXGroup</string>
			<key>path</key>
			<string>FarmersMarketLocator</string>
			<key>sourceTree</key>
			<string>&lt;group&gt;</string>
		</dict>
		<key>1F3ED95C1CAB0AE50038F590</key>
		<dict>
			<key>children</key>
			<array>
				<string>8B0548B61CBEBF4900843CB4</string>
				<string>1F3ED96D1CAB0AE50038F590</string>
				<string>8B9E5A821CB2F7E80050915D</string>
				<string>8BAC6A7F1CB7E615001EEDE1</string>
				<string>8BAC6A801CB7E615001EEDE1</string>
				<string>8BAC6A811CB7E615001EEDE1</string>
				<string>8BAC6A821CB7E615001EEDE1</string>
				<string>8BAC6A831CB7E615001EEDE1</string>
				<string>8BAC6A841CB7E615001EEDE1</string>
				<string>8BAC6A851CB7E615001EEDE1</string>
				<string>8BAC6A861CB7E615001EEDE1</string>
				<string>8BAC6A871CB7E615001EEDE1</string>
				<string>8BAC6A881CB7E615001EEDE1</string>
				<string>1F3ED95D1CAB0AE50038F590</string>
			</array>
			<key>isa</key>
			<string>PBXGroup</string>
			<key>name</key>
			<string>Supporting Files</string>
			<key>sourceTree</key>
			<string>&lt;group&gt;</string>
		</dict>
		<key>1F3ED95D1CAB0AE50038F590</key>
		<dict>
			<key>isa</key>
			<string>PBXFileReference</string>
			<key>lastKnownFileType</key>
			<string>sourcecode.c.objc</string>
			<key>path</key>
			<string>main.m</string>
			<key>sourceTree</key>
			<string>&lt;group&gt;</string>
		</dict>
		<key>1F3ED95E1CAB0AE50038F590</key>
		<dict>
			<key>fileRef</key>
			<string>1F3ED95D1CAB0AE50038F590</string>
			<key>isa</key>
			<string>PBXBuildFile</string>
		</dict>
		<key>1F3ED95F1CAB0AE50038F590</key>
		<dict>
			<key>isa</key>
			<string>PBXFileReference</string>
			<key>lastKnownFileType</key>
			<string>sourcecode.c.h</string>
			<key>path</key>
			<string>AppDelegate.h</string>
			<key>sourceTree</key>
			<string>&lt;group&gt;</string>
		</dict>
		<key>1F3ED9601CAB0AE50038F590</key>
		<dict>
			<key>isa</key>
			<string>PBXFileReference</string>
			<key>lastKnownFileType</key>
			<string>sourcecode.c.objc</string>
			<key>path</key>
			<string>AppDelegate.m</string>
			<key>sourceTree</key>
			<string>&lt;group&gt;</string>
		</dict>
		<key>1F3ED9611CAB0AE50038F590</key>
		<dict>
			<key>fileRef</key>
			<string>1F3ED9601CAB0AE50038F590</string>
			<key>isa</key>
			<string>PBXBuildFile</string>
		</dict>
		<key>1F3ED9651CAB0AE50038F590</key>
		<dict>
			<key>children</key>
			<array>
				<string>1F3ED9661CAB0AE50038F590</string>
			</array>
			<key>isa</key>
			<string>PBXVariantGroup</string>
			<key>name</key>
			<string>Main.storyboard</string>
			<key>sourceTree</key>
			<string>&lt;group&gt;</string>
		</dict>
		<key>1F3ED9661CAB0AE50038F590</key>
		<dict>
			<key>isa</key>
			<string>PBXFileReference</string>
			<key>lastKnownFileType</key>
			<string>file.storyboard</string>
			<key>name</key>
			<string>Base</string>
			<key>path</key>
			<string>Base.lproj/Main.storyboard</string>
			<key>sourceTree</key>
			<string>&lt;group&gt;</string>
		</dict>
		<key>1F3ED9671CAB0AE50038F590</key>
		<dict>
			<key>fileRef</key>
			<string>1F3ED9651CAB0AE50038F590</string>
			<key>isa</key>
			<string>PBXBuildFile</string>
		</dict>
		<key>1F3ED9681CAB0AE50038F590</key>
		<dict>
			<key>isa</key>
			<string>PBXFileReference</string>
			<key>lastKnownFileType</key>
			<string>folder.assetcatalog</string>
			<key>path</key>
			<string>Assets.xcassets</string>
			<key>sourceTree</key>
			<string>&lt;group&gt;</string>
		</dict>
		<key>1F3ED9691CAB0AE50038F590</key>
		<dict>
			<key>fileRef</key>
			<string>1F3ED9681CAB0AE50038F590</string>
			<key>isa</key>
			<string>PBXBuildFile</string>
		</dict>
		<key>1F3ED96A1CAB0AE50038F590</key>
		<dict>
			<key>children</key>
			<array>
				<string>1F3ED96B1CAB0AE50038F590</string>
			</array>
			<key>isa</key>
			<string>PBXVariantGroup</string>
			<key>name</key>
			<string>LaunchScreen.storyboard</string>
			<key>sourceTree</key>
			<string>&lt;group&gt;</string>
		</dict>
		<key>1F3ED96B1CAB0AE50038F590</key>
		<dict>
			<key>isa</key>
			<string>PBXFileReference</string>
			<key>lastKnownFileType</key>
			<string>file.storyboard</string>
			<key>name</key>
			<string>Base</string>
			<key>path</key>
			<string>Base.lproj/LaunchScreen.storyboard</string>
			<key>sourceTree</key>
			<string>&lt;group&gt;</string>
		</dict>
		<key>1F3ED96C1CAB0AE50038F590</key>
		<dict>
			<key>fileRef</key>
			<string>1F3ED96A1CAB0AE50038F590</string>
			<key>isa</key>
			<string>PBXBuildFile</string>
		</dict>
		<key>1F3ED96D1CAB0AE50038F590</key>
		<dict>
			<key>isa</key>
			<string>PBXFileReference</string>
			<key>lastKnownFileType</key>
			<string>text.plist.xml</string>
			<key>path</key>
			<string>Info.plist</string>
			<key>sourceTree</key>
			<string>&lt;group&gt;</string>
		</dict>
		<key>1F3ED96E1CAB0AE50038F590</key>
		<dict>
			<key>buildActionMask</key>
			<string>2147483647</string>
			<key>files</key>
			<array>
				<string>1F3ED9771CAB0AE50038F590</string>
			</array>
			<key>isa</key>
			<string>PBXSourcesBuildPhase</string>
			<key>runOnlyForDeploymentPostprocessing</key>
			<string>0</string>
		</dict>
		<key>1F3ED96F1CAB0AE50038F590</key>
		<dict>
			<key>buildActionMask</key>
			<string>2147483647</string>
			<key>files</key>
			<array/>
			<key>isa</key>
			<string>PBXFrameworksBuildPhase</string>
			<key>runOnlyForDeploymentPostprocessing</key>
			<string>0</string>
		</dict>
		<key>1F3ED9701CAB0AE50038F590</key>
		<dict>
			<key>buildActionMask</key>
			<string>2147483647</string>
			<key>files</key>
			<array/>
			<key>isa</key>
			<string>PBXResourcesBuildPhase</string>
			<key>runOnlyForDeploymentPostprocessing</key>
			<string>0</string>
		</dict>
		<key>1F3ED9711CAB0AE50038F590</key>
		<dict>
			<key>buildConfigurationList</key>
			<string>1F3ED9891CAB0AE50038F590</string>
			<key>buildPhases</key>
			<array>
				<string>1F3ED96E1CAB0AE50038F590</string>
				<string>1F3ED96F1CAB0AE50038F590</string>
				<string>1F3ED9701CAB0AE50038F590</string>
			</array>
			<key>buildRules</key>
			<array/>
			<key>dependencies</key>
			<array>
				<string>1F3ED9741CAB0AE50038F590</string>
			</array>
			<key>isa</key>
			<string>PBXNativeTarget</string>
			<key>name</key>
			<string>FarmersMarketLocatorTests</string>
			<key>productName</key>
			<string>FarmersMarketLocatorTests</string>
			<key>productReference</key>
			<string>1F3ED9721CAB0AE50038F590</string>
			<key>productType</key>
			<string>com.apple.product-type.bundle.unit-test</string>
		</dict>
		<key>1F3ED9721CAB0AE50038F590</key>
		<dict>
			<key>explicitFileType</key>
			<string>wrapper.cfbundle</string>
			<key>includeInIndex</key>
			<string>0</string>
			<key>isa</key>
			<string>PBXFileReference</string>
			<key>path</key>
			<string>FarmersMarketLocatorTests.xctest</string>
			<key>sourceTree</key>
			<string>BUILT_PRODUCTS_DIR</string>
		</dict>
		<key>1F3ED9731CAB0AE50038F590</key>
		<dict>
			<key>containerPortal</key>
			<string>1F3ED9511CAB0AE40038F590</string>
			<key>isa</key>
			<string>PBXContainerItemProxy</string>
			<key>proxyType</key>
			<string>1</string>
			<key>remoteGlobalIDString</key>
			<string>1F3ED9581CAB0AE40038F590</string>
			<key>remoteInfo</key>
			<string>FarmersMarketLocator</string>
		</dict>
		<key>1F3ED9741CAB0AE50038F590</key>
		<dict>
			<key>isa</key>
			<string>PBXTargetDependency</string>
			<key>target</key>
			<string>1F3ED9581CAB0AE40038F590</string>
			<key>targetProxy</key>
			<string>1F3ED9731CAB0AE50038F590</string>
		</dict>
		<key>1F3ED9751CAB0AE50038F590</key>
		<dict>
			<key>children</key>
			<array>
				<string>1F3ED9761CAB0AE50038F590</string>
				<string>1F3ED9781CAB0AE50038F590</string>
			</array>
			<key>isa</key>
			<string>PBXGroup</string>
			<key>path</key>
			<string>FarmersMarketLocatorTests</string>
			<key>sourceTree</key>
			<string>&lt;group&gt;</string>
		</dict>
		<key>1F3ED9761CAB0AE50038F590</key>
		<dict>
			<key>isa</key>
			<string>PBXFileReference</string>
			<key>lastKnownFileType</key>
			<string>sourcecode.c.objc</string>
			<key>path</key>
			<string>FarmersMarketLocatorTests.m</string>
			<key>sourceTree</key>
			<string>&lt;group&gt;</string>
		</dict>
		<key>1F3ED9771CAB0AE50038F590</key>
		<dict>
			<key>fileRef</key>
			<string>1F3ED9761CAB0AE50038F590</string>
			<key>isa</key>
			<string>PBXBuildFile</string>
		</dict>
		<key>1F3ED9781CAB0AE50038F590</key>
		<dict>
			<key>isa</key>
			<string>PBXFileReference</string>
			<key>lastKnownFileType</key>
			<string>text.plist.xml</string>
			<key>path</key>
			<string>Info.plist</string>
			<key>sourceTree</key>
			<string>&lt;group&gt;</string>
		</dict>
		<key>1F3ED9791CAB0AE50038F590</key>
		<dict>
			<key>buildActionMask</key>
			<string>2147483647</string>
			<key>files</key>
			<array>
				<string>1F3ED9821CAB0AE50038F590</string>
			</array>
			<key>isa</key>
			<string>PBXSourcesBuildPhase</string>
			<key>runOnlyForDeploymentPostprocessing</key>
			<string>0</string>
		</dict>
		<key>1F3ED97A1CAB0AE50038F590</key>
		<dict>
			<key>buildActionMask</key>
			<string>2147483647</string>
			<key>files</key>
			<array/>
			<key>isa</key>
			<string>PBXFrameworksBuildPhase</string>
			<key>runOnlyForDeploymentPostprocessing</key>
			<string>0</string>
		</dict>
		<key>1F3ED97B1CAB0AE50038F590</key>
		<dict>
			<key>buildActionMask</key>
			<string>2147483647</string>
			<key>files</key>
			<array/>
			<key>isa</key>
			<string>PBXResourcesBuildPhase</string>
			<key>runOnlyForDeploymentPostprocessing</key>
			<string>0</string>
		</dict>
		<key>1F3ED97C1CAB0AE50038F590</key>
		<dict>
			<key>buildConfigurationList</key>
			<string>1F3ED98C1CAB0AE50038F590</string>
			<key>buildPhases</key>
			<array>
				<string>1F3ED9791CAB0AE50038F590</string>
				<string>1F3ED97A1CAB0AE50038F590</string>
				<string>1F3ED97B1CAB0AE50038F590</string>
			</array>
			<key>buildRules</key>
			<array/>
			<key>dependencies</key>
			<array>
				<string>1F3ED97F1CAB0AE50038F590</string>
			</array>
			<key>isa</key>
			<string>PBXNativeTarget</string>
			<key>name</key>
			<string>FarmersMarketLocatorUITests</string>
			<key>productName</key>
			<string>FarmersMarketLocatorUITests</string>
			<key>productReference</key>
			<string>1F3ED97D1CAB0AE50038F590</string>
			<key>productType</key>
			<string>com.apple.product-type.bundle.ui-testing</string>
		</dict>
		<key>1F3ED97D1CAB0AE50038F590</key>
		<dict>
			<key>explicitFileType</key>
			<string>wrapper.cfbundle</string>
			<key>includeInIndex</key>
			<string>0</string>
			<key>isa</key>
			<string>PBXFileReference</string>
			<key>path</key>
			<string>FarmersMarketLocatorUITests.xctest</string>
			<key>sourceTree</key>
			<string>BUILT_PRODUCTS_DIR</string>
		</dict>
		<key>1F3ED97E1CAB0AE50038F590</key>
		<dict>
			<key>containerPortal</key>
			<string>1F3ED9511CAB0AE40038F590</string>
			<key>isa</key>
			<string>PBXContainerItemProxy</string>
			<key>proxyType</key>
			<string>1</string>
			<key>remoteGlobalIDString</key>
			<string>1F3ED9581CAB0AE40038F590</string>
			<key>remoteInfo</key>
			<string>FarmersMarketLocator</string>
		</dict>
		<key>1F3ED97F1CAB0AE50038F590</key>
		<dict>
			<key>isa</key>
			<string>PBXTargetDependency</string>
			<key>target</key>
			<string>1F3ED9581CAB0AE40038F590</string>
			<key>targetProxy</key>
			<string>1F3ED97E1CAB0AE50038F590</string>
		</dict>
		<key>1F3ED9801CAB0AE50038F590</key>
		<dict>
			<key>children</key>
			<array>
				<string>1F3ED9811CAB0AE50038F590</string>
				<string>1F3ED9831CAB0AE50038F590</string>
			</array>
			<key>isa</key>
			<string>PBXGroup</string>
			<key>path</key>
			<string>FarmersMarketLocatorUITests</string>
			<key>sourceTree</key>
			<string>&lt;group&gt;</string>
		</dict>
		<key>1F3ED9811CAB0AE50038F590</key>
		<dict>
			<key>isa</key>
			<string>PBXFileReference</string>
			<key>lastKnownFileType</key>
			<string>sourcecode.c.objc</string>
			<key>path</key>
			<string>FarmersMarketLocatorUITests.m</string>
			<key>sourceTree</key>
			<string>&lt;group&gt;</string>
		</dict>
		<key>1F3ED9821CAB0AE50038F590</key>
		<dict>
			<key>fileRef</key>
			<string>1F3ED9811CAB0AE50038F590</string>
			<key>isa</key>
			<string>PBXBuildFile</string>
		</dict>
		<key>1F3ED9831CAB0AE50038F590</key>
		<dict>
			<key>isa</key>
			<string>PBXFileReference</string>
			<key>lastKnownFileType</key>
			<string>text.plist.xml</string>
			<key>path</key>
			<string>Info.plist</string>
			<key>sourceTree</key>
			<string>&lt;group&gt;</string>
		</dict>
		<key>1F3ED9841CAB0AE50038F590</key>
		<dict>
			<key>buildSettings</key>
			<dict>
				<key>ALWAYS_SEARCH_USER_PATHS</key>
				<string>NO</string>
				<key>CLANG_CXX_LANGUAGE_STANDARD</key>
				<string>gnu++0x</string>
				<key>CLANG_CXX_LIBRARY</key>
				<string>libc++</string>
				<key>CLANG_ENABLE_MODULES</key>
				<string>YES</string>
				<key>CLANG_ENABLE_OBJC_ARC</key>
				<string>YES</string>
				<key>CLANG_WARN_BOOL_CONVERSION</key>
				<string>YES</string>
				<key>CLANG_WARN_CONSTANT_CONVERSION</key>
				<string>YES</string>
				<key>CLANG_WARN_DIRECT_OBJC_ISA_USAGE</key>
				<string>YES_ERROR</string>
				<key>CLANG_WARN_EMPTY_BODY</key>
				<string>YES</string>
				<key>CLANG_WARN_ENUM_CONVERSION</key>
				<string>YES</string>
				<key>CLANG_WARN_INT_CONVERSION</key>
				<string>YES</string>
				<key>CLANG_WARN_OBJC_ROOT_CLASS</key>
				<string>YES_ERROR</string>
				<key>CLANG_WARN_UNREACHABLE_CODE</key>
				<string>YES</string>
				<key>CLANG_WARN__DUPLICATE_METHOD_MATCH</key>
				<string>YES</string>
				<key>CODE_SIGN_IDENTITY[sdk=iphoneos*]</key>
				<string>iPhone Developer</string>
				<key>COPY_PHASE_STRIP</key>
				<string>NO</string>
				<key>DEBUG_INFORMATION_FORMAT</key>
				<string>dwarf</string>
				<key>ENABLE_STRICT_OBJC_MSGSEND</key>
				<string>YES</string>
				<key>ENABLE_TESTABILITY</key>
				<string>YES</string>
				<key>GCC_C_LANGUAGE_STANDARD</key>
				<string>gnu99</string>
				<key>GCC_DYNAMIC_NO_PIC</key>
				<string>NO</string>
				<key>GCC_NO_COMMON_BLOCKS</key>
				<string>YES</string>
				<key>GCC_OPTIMIZATION_LEVEL</key>
				<string>0</string>
				<key>GCC_PREPROCESSOR_DEFINITIONS</key>
				<array>
					<string>DEBUG=1</string>
					<string>$(inherited)</string>
				</array>
				<key>GCC_WARN_64_TO_32_BIT_CONVERSION</key>
				<string>YES</string>
				<key>GCC_WARN_ABOUT_RETURN_TYPE</key>
				<string>YES_ERROR</string>
				<key>GCC_WARN_UNDECLARED_SELECTOR</key>
				<string>YES</string>
				<key>GCC_WARN_UNINITIALIZED_AUTOS</key>
				<string>YES_AGGRESSIVE</string>
				<key>GCC_WARN_UNUSED_FUNCTION</key>
				<string>YES</string>
				<key>GCC_WARN_UNUSED_VARIABLE</key>
				<string>YES</string>
				<key>IPHONEOS_DEPLOYMENT_TARGET</key>
				<string>9.2</string>
				<key>MTL_ENABLE_DEBUG_INFO</key>
				<string>YES</string>
				<key>ONLY_ACTIVE_ARCH</key>
				<string>YES</string>
				<key>SDKROOT</key>
				<string>iphoneos</string>
				<key>TARGETED_DEVICE_FAMILY</key>
				<string>1,2</string>
			</dict>
			<key>isa</key>
			<string>XCBuildConfiguration</string>
			<key>name</key>
			<string>Debug</string>
		</dict>
		<key>1F3ED9851CAB0AE50038F590</key>
		<dict>
			<key>buildSettings</key>
			<dict>
				<key>ALWAYS_SEARCH_USER_PATHS</key>
				<string>NO</string>
				<key>CLANG_CXX_LANGUAGE_STANDARD</key>
				<string>gnu++0x</string>
				<key>CLANG_CXX_LIBRARY</key>
				<string>libc++</string>
				<key>CLANG_ENABLE_MODULES</key>
				<string>YES</string>
				<key>CLANG_ENABLE_OBJC_ARC</key>
				<string>YES</string>
				<key>CLANG_WARN_BOOL_CONVERSION</key>
				<string>YES</string>
				<key>CLANG_WARN_CONSTANT_CONVERSION</key>
				<string>YES</string>
				<key>CLANG_WARN_DIRECT_OBJC_ISA_USAGE</key>
				<string>YES_ERROR</string>
				<key>CLANG_WARN_EMPTY_BODY</key>
				<string>YES</string>
				<key>CLANG_WARN_ENUM_CONVERSION</key>
				<string>YES</string>
				<key>CLANG_WARN_INT_CONVERSION</key>
				<string>YES</string>
				<key>CLANG_WARN_OBJC_ROOT_CLASS</key>
				<string>YES_ERROR</string>
				<key>CLANG_WARN_UNREACHABLE_CODE</key>
				<string>YES</string>
				<key>CLANG_WARN__DUPLICATE_METHOD_MATCH</key>
				<string>YES</string>
				<key>CODE_SIGN_IDENTITY[sdk=iphoneos*]</key>
				<string>iPhone Developer</string>
				<key>COPY_PHASE_STRIP</key>
				<string>NO</string>
				<key>DEBUG_INFORMATION_FORMAT</key>
				<string>dwarf-with-dsym</string>
				<key>ENABLE_NS_ASSERTIONS</key>
				<string>NO</string>
				<key>ENABLE_STRICT_OBJC_MSGSEND</key>
				<string>YES</string>
				<key>GCC_C_LANGUAGE_STANDARD</key>
				<string>gnu99</string>
				<key>GCC_NO_COMMON_BLOCKS</key>
				<string>YES</string>
				<key>GCC_WARN_64_TO_32_BIT_CONVERSION</key>
				<string>YES</string>
				<key>GCC_WARN_ABOUT_RETURN_TYPE</key>
				<string>YES_ERROR</string>
				<key>GCC_WARN_UNDECLARED_SELECTOR</key>
				<string>YES</string>
				<key>GCC_WARN_UNINITIALIZED_AUTOS</key>
				<string>YES_AGGRESSIVE</string>
				<key>GCC_WARN_UNUSED_FUNCTION</key>
				<string>YES</string>
				<key>GCC_WARN_UNUSED_VARIABLE</key>
				<string>YES</string>
				<key>IPHONEOS_DEPLOYMENT_TARGET</key>
				<string>9.2</string>
				<key>MTL_ENABLE_DEBUG_INFO</key>
				<string>NO</string>
				<key>SDKROOT</key>
				<string>iphoneos</string>
				<key>TARGETED_DEVICE_FAMILY</key>
				<string>1,2</string>
				<key>VALIDATE_PRODUCT</key>
				<string>YES</string>
			</dict>
			<key>isa</key>
			<string>XCBuildConfiguration</string>
			<key>name</key>
			<string>Release</string>
		</dict>
		<key>1F3ED9861CAB0AE50038F590</key>
		<dict>
			<key>buildConfigurations</key>
			<array>
				<string>1F3ED9871CAB0AE50038F590</string>
				<string>1F3ED9881CAB0AE50038F590</string>
			</array>
			<key>defaultConfigurationIsVisible</key>
			<string>0</string>
			<key>defaultConfigurationName</key>
			<string>Release</string>
			<key>isa</key>
			<string>XCConfigurationList</string>
		</dict>
		<key>1F3ED9871CAB0AE50038F590</key>
		<dict>
			<key>baseConfigurationReference</key>
			<string>E426A69268E3DA9622C8E051</string>
			<key>buildSettings</key>
			<dict>
				<key>ASSETCATALOG_COMPILER_APPICON_NAME</key>
				<string>AppIcon</string>
				<key>CLANG_ENABLE_MODULES</key>
				<string>YES</string>
				<key>CODE_SIGN_IDENTITY</key>
				<string>iPhone Developer</string>
				<key>CODE_SIGN_IDENTITY[sdk=iphoneos*]</key>
				<string>iPhone Developer</string>
				<key>INFOPLIST_FILE</key>
				<string>FarmersMarketLocator/Info.plist</string>
				<key>IPHONEOS_DEPLOYMENT_TARGET</key>
				<string>9.3</string>
				<key>LD_RUNPATH_SEARCH_PATHS</key>
				<string>$(inherited) @executable_path/Frameworks</string>
				<key>PRODUCT_BUNDLE_IDENTIFIER</key>
				<string>com.flatironschool.FarmersMarketLocator</string>
				<key>PRODUCT_NAME</key>
				<string>$(TARGET_NAME)</string>
				<key>PROVISIONING_PROFILE</key>
				<string></string>
				<key>SWIFT_OBJC_BRIDGING_HEADER</key>
				<string>FarmersMarketLocator/FarmersMarketLocator-Bridging-Header.h</string>
				<key>SWIFT_OPTIMIZATION_LEVEL</key>
				<string>-Onone</string>
			</dict>
			<key>isa</key>
			<string>XCBuildConfiguration</string>
			<key>name</key>
			<string>Debug</string>
		</dict>
		<key>1F3ED9881CAB0AE50038F590</key>
		<dict>
			<key>baseConfigurationReference</key>
			<string>02F904EDCF8946A897CA1C2A</string>
			<key>buildSettings</key>
			<dict>
				<key>ASSETCATALOG_COMPILER_APPICON_NAME</key>
				<string>AppIcon</string>
				<key>CLANG_ENABLE_MODULES</key>
				<string>YES</string>
				<key>CODE_SIGN_IDENTITY</key>
				<string>iPhone Developer</string>
				<key>CODE_SIGN_IDENTITY[sdk=iphoneos*]</key>
				<string>iPhone Developer</string>
				<key>INFOPLIST_FILE</key>
				<string>FarmersMarketLocator/Info.plist</string>
				<key>IPHONEOS_DEPLOYMENT_TARGET</key>
				<string>9.3</string>
				<key>LD_RUNPATH_SEARCH_PATHS</key>
				<string>$(inherited) @executable_path/Frameworks</string>
				<key>PRODUCT_BUNDLE_IDENTIFIER</key>
				<string>com.flatironschool.FarmersMarketLocator</string>
				<key>PRODUCT_NAME</key>
				<string>$(TARGET_NAME)</string>
				<key>PROVISIONING_PROFILE</key>
				<string></string>
				<key>SWIFT_OBJC_BRIDGING_HEADER</key>
				<string>FarmersMarketLocator/FarmersMarketLocator-Bridging-Header.h</string>
			</dict>
			<key>isa</key>
			<string>XCBuildConfiguration</string>
			<key>name</key>
			<string>Release</string>
		</dict>
		<key>1F3ED9891CAB0AE50038F590</key>
		<dict>
			<key>buildConfigurations</key>
			<array>
				<string>1F3ED98A1CAB0AE50038F590</string>
				<string>1F3ED98B1CAB0AE50038F590</string>
			</array>
			<key>defaultConfigurationIsVisible</key>
			<string>0</string>
			<key>defaultConfigurationName</key>
			<string>Release</string>
			<key>isa</key>
			<string>XCConfigurationList</string>
		</dict>
		<key>1F3ED98A1CAB0AE50038F590</key>
		<dict>
			<key>buildSettings</key>
			<dict>
				<key>BUNDLE_LOADER</key>
				<string>$(TEST_HOST)</string>
				<key>INFOPLIST_FILE</key>
				<string>FarmersMarketLocatorTests/Info.plist</string>
				<key>LD_RUNPATH_SEARCH_PATHS</key>
				<string>$(inherited) @executable_path/Frameworks @loader_path/Frameworks</string>
				<key>PRODUCT_BUNDLE_IDENTIFIER</key>
				<string>Flatiron-School.FarmersMarketLocatorTests</string>
				<key>PRODUCT_NAME</key>
				<string>$(TARGET_NAME)</string>
				<key>TEST_HOST</key>
				<string>$(BUILT_PRODUCTS_DIR)/FarmersMarketLocator.app/FarmersMarketLocator</string>
			</dict>
			<key>isa</key>
			<string>XCBuildConfiguration</string>
			<key>name</key>
			<string>Debug</string>
		</dict>
		<key>1F3ED98B1CAB0AE50038F590</key>
		<dict>
			<key>buildSettings</key>
			<dict>
				<key>BUNDLE_LOADER</key>
				<string>$(TEST_HOST)</string>
				<key>INFOPLIST_FILE</key>
				<string>FarmersMarketLocatorTests/Info.plist</string>
				<key>LD_RUNPATH_SEARCH_PATHS</key>
				<string>$(inherited) @executable_path/Frameworks @loader_path/Frameworks</string>
				<key>PRODUCT_BUNDLE_IDENTIFIER</key>
				<string>Flatiron-School.FarmersMarketLocatorTests</string>
				<key>PRODUCT_NAME</key>
				<string>$(TARGET_NAME)</string>
				<key>TEST_HOST</key>
				<string>$(BUILT_PRODUCTS_DIR)/FarmersMarketLocator.app/FarmersMarketLocator</string>
			</dict>
			<key>isa</key>
			<string>XCBuildConfiguration</string>
			<key>name</key>
			<string>Release</string>
		</dict>
		<key>1F3ED98C1CAB0AE50038F590</key>
		<dict>
			<key>buildConfigurations</key>
			<array>
				<string>1F3ED98D1CAB0AE50038F590</string>
				<string>1F3ED98E1CAB0AE50038F590</string>
			</array>
			<key>defaultConfigurationIsVisible</key>
			<string>0</string>
			<key>defaultConfigurationName</key>
			<string>Release</string>
			<key>isa</key>
			<string>XCConfigurationList</string>
		</dict>
		<key>1F3ED98D1CAB0AE50038F590</key>
		<dict>
			<key>buildSettings</key>
			<dict>
				<key>INFOPLIST_FILE</key>
				<string>FarmersMarketLocatorUITests/Info.plist</string>
				<key>LD_RUNPATH_SEARCH_PATHS</key>
				<string>$(inherited) @executable_path/Frameworks @loader_path/Frameworks</string>
				<key>PRODUCT_BUNDLE_IDENTIFIER</key>
				<string>Flatiron-School.FarmersMarketLocatorUITests</string>
				<key>PRODUCT_NAME</key>
				<string>$(TARGET_NAME)</string>
				<key>TEST_TARGET_NAME</key>
				<string>FarmersMarketLocator</string>
				<key>USES_XCTRUNNER</key>
				<string>YES</string>
			</dict>
			<key>isa</key>
			<string>XCBuildConfiguration</string>
			<key>name</key>
			<string>Debug</string>
		</dict>
		<key>1F3ED98E1CAB0AE50038F590</key>
		<dict>
			<key>buildSettings</key>
			<dict>
				<key>INFOPLIST_FILE</key>
				<string>FarmersMarketLocatorUITests/Info.plist</string>
				<key>LD_RUNPATH_SEARCH_PATHS</key>
				<string>$(inherited) @executable_path/Frameworks @loader_path/Frameworks</string>
				<key>PRODUCT_BUNDLE_IDENTIFIER</key>
				<string>Flatiron-School.FarmersMarketLocatorUITests</string>
				<key>PRODUCT_NAME</key>
				<string>$(TARGET_NAME)</string>
				<key>TEST_TARGET_NAME</key>
				<string>FarmersMarketLocator</string>
				<key>USES_XCTRUNNER</key>
				<string>YES</string>
			</dict>
			<key>isa</key>
			<string>XCBuildConfiguration</string>
			<key>name</key>
			<string>Release</string>
		</dict>
		<key>1F3ED98F1CAB0C990038F590</key>
		<dict>
			<key>fileEncoding</key>
			<string>4</string>
			<key>isa</key>
			<string>PBXFileReference</string>
			<key>lastKnownFileType</key>
			<string>sourcecode.c.h</string>
			<key>name</key>
			<string>Secrets.h</string>
			<key>path</key>
			<string>../Secrets.h</string>
			<key>sourceTree</key>
			<string>&lt;group&gt;</string>
		</dict>
		<key>6CEB409296946995A9ED374D</key>
		<dict>
			<key>children</key>
			<array>
				<string>E426A69268E3DA9622C8E051</string>
				<string>02F904EDCF8946A897CA1C2A</string>
			</array>
			<key>isa</key>
			<string>PBXGroup</string>
			<key>name</key>
			<string>Pods</string>
			<key>sourceTree</key>
			<string>&lt;group&gt;</string>
		</dict>
		<key>8B0548B41CBEBEFA00843CB4</key>
		<dict>
			<key>fileEncoding</key>
			<string>4</string>
			<key>isa</key>
			<string>PBXFileReference</string>
			<key>lastKnownFileType</key>
			<string>sourcecode.swift</string>
			<key>path</key>
			<string>FMLContainerViewController.swift</string>
			<key>sourceTree</key>
			<string>&lt;group&gt;</string>
		</dict>
		<key>8B0548B51CBEBEFA00843CB4</key>
		<dict>
			<key>fileRef</key>
			<string>8B0548B41CBEBEFA00843CB4</string>
			<key>isa</key>
			<string>PBXBuildFile</string>
		</dict>
		<key>8B0548B61CBEBF4900843CB4</key>
		<dict>
			<key>isa</key>
			<string>PBXFileReference</string>
			<key>lastKnownFileType</key>
			<string>sourcecode.c.h</string>
			<key>path</key>
			<string>FarmersMarketLocator-Bridging-Header.h</string>
			<key>sourceTree</key>
			<string>&lt;group&gt;</string>
		</dict>
		<key>8B5635961CAF081A007DC27E</key>
		<dict>
			<key>children</key>
			<array>
				<string>8B5635971CAF081A007DC27E</string>
			</array>
			<key>currentVersion</key>
			<string>8B5635971CAF081A007DC27E</string>
			<key>isa</key>
			<string>XCVersionGroup</string>
			<key>path</key>
			<string>DataModel.xcdatamodeld</string>
			<key>sourceTree</key>
			<string>&lt;group&gt;</string>
			<key>versionGroupType</key>
			<string>wrapper.xcdatamodel</string>
		</dict>
		<key>8B5635971CAF081A007DC27E</key>
		<dict>
			<key>isa</key>
			<string>PBXFileReference</string>
			<key>lastKnownFileType</key>
			<string>wrapper.xcdatamodel</string>
			<key>path</key>
			<string>DataModel.xcdatamodel</string>
			<key>sourceTree</key>
			<string>&lt;group&gt;</string>
		</dict>
		<key>8B5635981CAF081A007DC27E</key>
		<dict>
			<key>fileRef</key>
			<string>8B5635961CAF081A007DC27E</string>
			<key>isa</key>
			<string>PBXBuildFile</string>
		</dict>
		<key>8B5635BF1CAF0858007DC27E</key>
		<dict>
			<key>fileEncoding</key>
			<string>4</string>
			<key>isa</key>
			<string>PBXFileReference</string>
			<key>lastKnownFileType</key>
			<string>sourcecode.c.h</string>
			<key>path</key>
			<string>CoreDataStack.h</string>
			<key>sourceTree</key>
			<string>&lt;group&gt;</string>
		</dict>
		<key>8B5635C01CAF0858007DC27E</key>
		<dict>
			<key>fileEncoding</key>
			<string>4</string>
			<key>isa</key>
			<string>PBXFileReference</string>
			<key>lastKnownFileType</key>
			<string>sourcecode.c.objc</string>
			<key>path</key>
			<string>CoreDataStack.m</string>
			<key>sourceTree</key>
			<string>&lt;group&gt;</string>
		</dict>
		<key>8B5635C11CAF0858007DC27E</key>
		<dict>
			<key>fileRef</key>
			<string>8B5635C01CAF0858007DC27E</string>
			<key>isa</key>
			<string>PBXBuildFile</string>
		</dict>
		<key>8B9E5A7F1CB2F7DA0050915D</key>
		<dict>
			<key>fileEncoding</key>
			<string>4</string>
			<key>isa</key>
			<string>PBXFileReference</string>
			<key>lastKnownFileType</key>
			<string>sourcecode.c.h</string>
			<key>path</key>
			<string>FMLJSONDictionary.h</string>
			<key>sourceTree</key>
			<string>&lt;group&gt;</string>
		</dict>
		<key>8B9E5A801CB2F7DA0050915D</key>
		<dict>
			<key>fileEncoding</key>
			<string>4</string>
			<key>isa</key>
			<string>PBXFileReference</string>
			<key>lastKnownFileType</key>
			<string>sourcecode.c.objc</string>
			<key>path</key>
			<string>FMLJSONDictionary.m</string>
			<key>sourceTree</key>
			<string>&lt;group&gt;</string>
		</dict>
		<key>8B9E5A811CB2F7DA0050915D</key>
		<dict>
			<key>fileRef</key>
			<string>8B9E5A801CB2F7DA0050915D</string>
			<key>isa</key>
			<string>PBXBuildFile</string>
		</dict>
		<key>8B9E5A821CB2F7E80050915D</key>
		<dict>
			<key>fileEncoding</key>
			<string>4</string>
			<key>isa</key>
			<string>PBXFileReference</string>
			<key>lastKnownFileType</key>
			<string>text.json</string>
			<key>path</key>
			<string>farmers-markets.json</string>
			<key>sourceTree</key>
			<string>&lt;group&gt;</string>
		</dict>
		<key>8B9E5A831CB2F7E80050915D</key>
		<dict>
			<key>fileRef</key>
			<string>8B9E5A821CB2F7E80050915D</string>
			<key>isa</key>
			<string>PBXBuildFile</string>
		</dict>
		<key>8BAC6A7F1CB7E615001EEDE1</key>
		<dict>
			<key>fileEncoding</key>
			<string>4</string>
			<key>isa</key>
			<string>PBXFileReference</string>
			<key>lastKnownFileType</key>
			<string>text.json</string>
			<key>path</key>
			<string>farmers-markets-0.json</string>
			<key>sourceTree</key>
			<string>&lt;group&gt;</string>
		</dict>
		<key>8BAC6A801CB7E615001EEDE1</key>
		<dict>
			<key>fileEncoding</key>
			<string>4</string>
			<key>isa</key>
			<string>PBXFileReference</string>
			<key>lastKnownFileType</key>
			<string>text.json</string>
			<key>path</key>
			<string>farmers-markets-1.json</string>
			<key>sourceTree</key>
			<string>&lt;group&gt;</string>
		</dict>
		<key>8BAC6A811CB7E615001EEDE1</key>
		<dict>
			<key>fileEncoding</key>
			<string>4</string>
			<key>isa</key>
			<string>PBXFileReference</string>
			<key>lastKnownFileType</key>
			<string>text.json</string>
			<key>path</key>
			<string>farmers-markets-2.json</string>
			<key>sourceTree</key>
			<string>&lt;group&gt;</string>
		</dict>
		<key>8BAC6A821CB7E615001EEDE1</key>
		<dict>
			<key>fileEncoding</key>
			<string>4</string>
			<key>isa</key>
			<string>PBXFileReference</string>
			<key>lastKnownFileType</key>
			<string>text.json</string>
			<key>path</key>
			<string>farmers-markets-3.json</string>
			<key>sourceTree</key>
			<string>&lt;group&gt;</string>
		</dict>
		<key>8BAC6A831CB7E615001EEDE1</key>
		<dict>
			<key>fileEncoding</key>
			<string>4</string>
			<key>isa</key>
			<string>PBXFileReference</string>
			<key>lastKnownFileType</key>
			<string>text.json</string>
			<key>path</key>
			<string>farmers-markets-4.json</string>
			<key>sourceTree</key>
			<string>&lt;group&gt;</string>
		</dict>
		<key>8BAC6A841CB7E615001EEDE1</key>
		<dict>
			<key>fileEncoding</key>
			<string>4</string>
			<key>isa</key>
			<string>PBXFileReference</string>
			<key>lastKnownFileType</key>
			<string>text.json</string>
			<key>path</key>
			<string>farmers-markets-5.json</string>
			<key>sourceTree</key>
			<string>&lt;group&gt;</string>
		</dict>
		<key>8BAC6A851CB7E615001EEDE1</key>
		<dict>
			<key>fileEncoding</key>
			<string>4</string>
			<key>isa</key>
			<string>PBXFileReference</string>
			<key>lastKnownFileType</key>
			<string>text.json</string>
			<key>path</key>
			<string>farmers-markets-6.json</string>
			<key>sourceTree</key>
			<string>&lt;group&gt;</string>
		</dict>
		<key>8BAC6A861CB7E615001EEDE1</key>
		<dict>
			<key>fileEncoding</key>
			<string>4</string>
			<key>isa</key>
			<string>PBXFileReference</string>
			<key>lastKnownFileType</key>
			<string>text.json</string>
			<key>path</key>
			<string>farmers-markets-7.json</string>
			<key>sourceTree</key>
			<string>&lt;group&gt;</string>
		</dict>
		<key>8BAC6A871CB7E615001EEDE1</key>
		<dict>
			<key>fileEncoding</key>
			<string>4</string>
			<key>isa</key>
			<string>PBXFileReference</string>
			<key>lastKnownFileType</key>
			<string>text.json</string>
			<key>path</key>
			<string>farmers-markets-8.json</string>
			<key>sourceTree</key>
			<string>&lt;group&gt;</string>
		</dict>
		<key>8BAC6A881CB7E615001EEDE1</key>
		<dict>
			<key>fileEncoding</key>
			<string>4</string>
			<key>isa</key>
			<string>PBXFileReference</string>
			<key>lastKnownFileType</key>
			<string>text.json</string>
			<key>path</key>
			<string>farmers-markets-9.json</string>
			<key>sourceTree</key>
			<string>&lt;group&gt;</string>
		</dict>
		<key>8BAC6A891CB7E615001EEDE1</key>
		<dict>
			<key>fileRef</key>
			<string>8BAC6A7F1CB7E615001EEDE1</string>
			<key>isa</key>
			<string>PBXBuildFile</string>
		</dict>
		<key>8BAC6A8A1CB7E615001EEDE1</key>
		<dict>
			<key>fileRef</key>
			<string>8BAC6A801CB7E615001EEDE1</string>
			<key>isa</key>
			<string>PBXBuildFile</string>
		</dict>
		<key>8BAC6A8B1CB7E615001EEDE1</key>
		<dict>
			<key>fileRef</key>
			<string>8BAC6A811CB7E615001EEDE1</string>
			<key>isa</key>
			<string>PBXBuildFile</string>
		</dict>
		<key>8BAC6A8C1CB7E615001EEDE1</key>
		<dict>
			<key>fileRef</key>
			<string>8BAC6A821CB7E615001EEDE1</string>
			<key>isa</key>
			<string>PBXBuildFile</string>
		</dict>
		<key>8BAC6A8D1CB7E615001EEDE1</key>
		<dict>
			<key>fileRef</key>
			<string>8BAC6A831CB7E615001EEDE1</string>
			<key>isa</key>
			<string>PBXBuildFile</string>
		</dict>
		<key>8BAC6A8E1CB7E615001EEDE1</key>
		<dict>
			<key>fileRef</key>
			<string>8BAC6A841CB7E615001EEDE1</string>
			<key>isa</key>
			<string>PBXBuildFile</string>
		</dict>
		<key>8BAC6A8F1CB7E615001EEDE1</key>
		<dict>
			<key>fileRef</key>
			<string>8BAC6A851CB7E615001EEDE1</string>
			<key>isa</key>
			<string>PBXBuildFile</string>
		</dict>
		<key>8BAC6A901CB7E615001EEDE1</key>
		<dict>
			<key>fileRef</key>
			<string>8BAC6A861CB7E615001EEDE1</string>
			<key>isa</key>
			<string>PBXBuildFile</string>
		</dict>
		<key>8BAC6A911CB7E615001EEDE1</key>
		<dict>
			<key>fileRef</key>
			<string>8BAC6A871CB7E615001EEDE1</string>
			<key>isa</key>
			<string>PBXBuildFile</string>
		</dict>
		<key>8BAC6A921CB7E615001EEDE1</key>
		<dict>
			<key>fileRef</key>
			<string>8BAC6A881CB7E615001EEDE1</string>
			<key>isa</key>
			<string>PBXBuildFile</string>
		</dict>
		<key>8BBBD8B41CBE8FBE00043DD5</key>
		<dict>
			<key>fileEncoding</key>
			<string>4</string>
			<key>isa</key>
			<string>PBXFileReference</string>
			<key>lastKnownFileType</key>
			<string>sourcecode.c.objc</string>
			<key>path</key>
			<string>Secrets.m</string>
			<key>sourceTree</key>
			<string>&lt;group&gt;</string>
		</dict>
		<key>8BBBD8B51CBE8FBE00043DD5</key>
		<dict>
			<key>fileRef</key>
			<string>8BBBD8B41CBE8FBE00043DD5</string>
			<key>isa</key>
			<string>PBXBuildFile</string>
		</dict>
		<key>8BBD3FFC1CAEA8AB00A1DB0E</key>
		<dict>
			<key>fileEncoding</key>
			<string>4</string>
			<key>isa</key>
			<string>PBXFileReference</string>
			<key>lastKnownFileType</key>
			<string>sourcecode.c.h</string>
			<key>path</key>
			<string>FMLMapViewDelegate.h</string>
			<key>sourceTree</key>
			<string>&lt;group&gt;</string>
		</dict>
		<key>8BBD3FFD1CAEA8AB00A1DB0E</key>
		<dict>
			<key>fileEncoding</key>
			<string>4</string>
			<key>isa</key>
			<string>PBXFileReference</string>
			<key>lastKnownFileType</key>
			<string>sourcecode.c.objc</string>
			<key>path</key>
			<string>FMLMapViewDelegate.m</string>
			<key>sourceTree</key>
			<string>&lt;group&gt;</string>
		</dict>
		<key>8BBD3FFE1CAEA8AB00A1DB0E</key>
		<dict>
			<key>fileRef</key>
			<string>8BBD3FFD1CAEA8AB00A1DB0E</string>
			<key>isa</key>
			<string>PBXBuildFile</string>
		</dict>
		<key>8BBD40021CAEAD6600A1DB0E</key>
		<dict>
			<key>children</key>
			<array>
				<string>8B0548B41CBEBEFA00843CB4</string>
				<string>8BC2BA3F1CADD02E005DD7F3</string>
				<string>8BC2BA401CADD02E005DD7F3</string>
			</array>
			<key>isa</key>
			<string>PBXGroup</string>
			<key>name</key>
			<string>View Controllers</string>
			<key>sourceTree</key>
			<string>&lt;group&gt;</string>
		</dict>
		<key>8BBD40031CAEAD7C00A1DB0E</key>
		<dict>
			<key>children</key>
			<array>
				<string>8BBD40081CAEB81700A1DB0E</string>
				<string>8BBD40091CAEB81700A1DB0E</string>
				<string>8BBD3FFC1CAEA8AB00A1DB0E</string>
				<string>8BBD3FFD1CAEA8AB00A1DB0E</string>
			</array>
			<key>isa</key>
			<string>PBXGroup</string>
			<key>name</key>
			<string>Delegates and Datasources</string>
			<key>sourceTree</key>
			<string>&lt;group&gt;</string>
		</dict>
		<key>8BBD40041CAEAD9300A1DB0E</key>
		<dict>
			<key>children</key>
			<array>
				<string>1F3ED9651CAB0AE50038F590</string>
				<string>1F3ED9681CAB0AE50038F590</string>
				<string>1F3ED96A1CAB0AE50038F590</string>
			</array>
			<key>isa</key>
			<string>PBXGroup</string>
			<key>name</key>
			<string>Assets</string>
			<key>sourceTree</key>
			<string>&lt;group&gt;</string>
		</dict>
		<key>8BBD40051CAEADA200A1DB0E</key>
		<dict>
			<key>children</key>
			<array>
				<string>8BE219A81CAF1D610014D046</string>
				<string>8BE219A91CAF1D610014D046</string>
				<string>8BE219A51CAF0A980014D046</string>
				<string>8BE219A61CAF0A980014D046</string>
				<string>8B5635961CAF081A007DC27E</string>
			</array>
			<key>isa</key>
			<string>PBXGroup</string>
			<key>name</key>
			<string>Models</string>
			<key>sourceTree</key>
			<string>&lt;group&gt;</string>
		</dict>
		<key>8BBD40061CAEAED600A1DB0E</key>
		<dict>
			<key>children</key>
			<array>
				<string>A38473B11CADAF7200ED08CA</string>
				<string>A38473B21CADAF7200ED08CA</string>
				<string>A38473B41CADAFC300ED08CA</string>
				<string>A38473B51CADAFC300ED08CA</string>
				<string>E1F95DCB1CAB12D6009DA977</string>
				<string>E1F95DCC1CAB12D6009DA977</string>
				<string>1F3ED98F1CAB0C990038F590</string>
				<string>8BBBD8B41CBE8FBE00043DD5</string>
				<string>8B9E5A7F1CB2F7DA0050915D</string>
				<string>8B9E5A801CB2F7DA0050915D</string>
			</array>
			<key>isa</key>
			<string>PBXGroup</string>
			<key>name</key>
			<string>Objects</string>
			<key>sourceTree</key>
			<string>&lt;group&gt;</string>
		</dict>
		<key>8BBD40071CAEAF3800A1DB0E</key>
		<dict>
			<key>children</key>
			<array>
				<string>8BBD400B1CAED53E00A1DB0E</string>
				<string>8BBD400C1CAED53E00A1DB0E</string>
				<string>1F1746931CB460C10018383B</string>
				<string>1F1746941CB460C10018383B</string>
			</array>
			<key>isa</key>
			<string>PBXGroup</string>
			<key>name</key>
			<string>Custom Views</string>
			<key>sourceTree</key>
			<string>&lt;group&gt;</string>
		</dict>
		<key>8BBD40081CAEB81700A1DB0E</key>
		<dict>
			<key>fileEncoding</key>
			<string>4</string>
			<key>isa</key>
			<string>PBXFileReference</string>
			<key>lastKnownFileType</key>
			<string>sourcecode.c.h</string>
			<key>path</key>
			<string>FMLLocationManagerDelegate.h</string>
			<key>sourceTree</key>
			<string>&lt;group&gt;</string>
		</dict>
		<key>8BBD40091CAEB81700A1DB0E</key>
		<dict>
			<key>fileEncoding</key>
			<string>4</string>
			<key>isa</key>
			<string>PBXFileReference</string>
			<key>lastKnownFileType</key>
			<string>sourcecode.c.objc</string>
			<key>path</key>
			<string>FMLLocationManagerDelegate.m</string>
			<key>sourceTree</key>
			<string>&lt;group&gt;</string>
		</dict>
		<key>8BBD400A1CAEB81700A1DB0E</key>
		<dict>
			<key>fileRef</key>
			<string>8BBD40091CAEB81700A1DB0E</string>
			<key>isa</key>
			<string>PBXBuildFile</string>
		</dict>
		<key>8BBD400B1CAED53E00A1DB0E</key>
		<dict>
			<key>fileEncoding</key>
			<string>4</string>
			<key>isa</key>
			<string>PBXFileReference</string>
			<key>lastKnownFileType</key>
			<string>sourcecode.c.h</string>
			<key>path</key>
			<string>FMLDetailView.h</string>
			<key>sourceTree</key>
			<string>&lt;group&gt;</string>
		</dict>
		<key>8BBD400C1CAED53E00A1DB0E</key>
		<dict>
			<key>fileEncoding</key>
			<string>4</string>
			<key>isa</key>
			<string>PBXFileReference</string>
			<key>lastKnownFileType</key>
			<string>sourcecode.c.objc</string>
			<key>path</key>
			<string>FMLDetailView.m</string>
			<key>sourceTree</key>
			<string>&lt;group&gt;</string>
		</dict>
		<key>8BBD400D1CAED53E00A1DB0E</key>
		<dict>
			<key>fileRef</key>
			<string>8BBD400C1CAED53E00A1DB0E</string>
			<key>isa</key>
			<string>PBXBuildFile</string>
		</dict>
		<key>8BC2BA3B1CADCAEB005DD7F3</key>
		<dict>
			<key>isa</key>
			<string>PBXFileReference</string>
			<key>lastKnownFileType</key>
			<string>wrapper.framework</string>
			<key>name</key>
			<string>MapKit.framework</string>
			<key>path</key>
			<string>System/Library/Frameworks/MapKit.framework</string>
			<key>sourceTree</key>
			<string>SDKROOT</string>
		</dict>
		<key>8BC2BA3C1CADCAEB005DD7F3</key>
		<dict>
			<key>fileRef</key>
			<string>8BC2BA3B1CADCAEB005DD7F3</string>
			<key>isa</key>
			<string>PBXBuildFile</string>
		</dict>
		<key>8BC2BA3D1CADCAF0005DD7F3</key>
		<dict>
			<key>isa</key>
			<string>PBXFileReference</string>
			<key>lastKnownFileType</key>
			<string>wrapper.framework</string>
			<key>name</key>
			<string>CoreLocation.framework</string>
			<key>path</key>
			<string>System/Library/Frameworks/CoreLocation.framework</string>
			<key>sourceTree</key>
			<string>SDKROOT</string>
		</dict>
		<key>8BC2BA3E1CADCAF0005DD7F3</key>
		<dict>
			<key>fileRef</key>
			<string>8BC2BA3D1CADCAF0005DD7F3</string>
			<key>isa</key>
			<string>PBXBuildFile</string>
		</dict>
		<key>8BC2BA3F1CADD02E005DD7F3</key>
		<dict>
			<key>fileEncoding</key>
			<string>4</string>
			<key>isa</key>
			<string>PBXFileReference</string>
			<key>lastKnownFileType</key>
			<string>sourcecode.c.h</string>
			<key>path</key>
			<string>FMLMapViewController.h</string>
			<key>sourceTree</key>
			<string>&lt;group&gt;</string>
		</dict>
		<key>8BC2BA401CADD02E005DD7F3</key>
		<dict>
			<key>fileEncoding</key>
			<string>4</string>
			<key>isa</key>
			<string>PBXFileReference</string>
			<key>lastKnownFileType</key>
			<string>sourcecode.c.objc</string>
			<key>path</key>
			<string>FMLMapViewController.m</string>
			<key>sourceTree</key>
			<string>&lt;group&gt;</string>
		</dict>
		<key>8BC2BA411CADD02E005DD7F3</key>
		<dict>
			<key>fileRef</key>
			<string>8BC2BA401CADD02E005DD7F3</string>
			<key>isa</key>
			<string>PBXBuildFile</string>
		</dict>
		<key>8BE219A51CAF0A980014D046</key>
		<dict>
			<key>fileEncoding</key>
			<string>4</string>
			<key>isa</key>
			<string>PBXFileReference</string>
			<key>lastKnownFileType</key>
			<string>sourcecode.c.h</string>
			<key>path</key>
			<string>FMLMarket+CoreDataProperties.h</string>
			<key>sourceTree</key>
			<string>&lt;group&gt;</string>
		</dict>
		<key>8BE219A61CAF0A980014D046</key>
		<dict>
			<key>fileEncoding</key>
			<string>4</string>
			<key>isa</key>
			<string>PBXFileReference</string>
			<key>lastKnownFileType</key>
			<string>sourcecode.c.objc</string>
			<key>path</key>
			<string>FMLMarket+CoreDataProperties.m</string>
			<key>sourceTree</key>
			<string>&lt;group&gt;</string>
		</dict>
		<key>8BE219A71CAF0A980014D046</key>
		<dict>
			<key>fileRef</key>
			<string>8BE219A61CAF0A980014D046</string>
			<key>isa</key>
			<string>PBXBuildFile</string>
		</dict>
		<key>8BE219A81CAF1D610014D046</key>
		<dict>
			<key>fileEncoding</key>
			<string>4</string>
			<key>isa</key>
			<string>PBXFileReference</string>
			<key>lastKnownFileType</key>
			<string>sourcecode.c.h</string>
			<key>path</key>
			<string>FMLMarket.h</string>
			<key>sourceTree</key>
			<string>&lt;group&gt;</string>
		</dict>
		<key>8BE219A91CAF1D610014D046</key>
		<dict>
			<key>fileEncoding</key>
			<string>4</string>
			<key>isa</key>
			<string>PBXFileReference</string>
			<key>lastKnownFileType</key>
			<string>sourcecode.c.objc</string>
			<key>path</key>
			<string>FMLMarket.m</string>
			<key>sourceTree</key>
			<string>&lt;group&gt;</string>
		</dict>
		<key>8BE219AA1CAF1D610014D046</key>
		<dict>
			<key>fileRef</key>
			<string>8BE219A91CAF1D610014D046</string>
			<key>isa</key>
			<string>PBXBuildFile</string>
		</dict>
		<key>926376B9806E734EEB712D1C</key>
		<dict>
			<key>buildActionMask</key>
			<string>2147483647</string>
			<key>files</key>
			<array/>
			<key>inputPaths</key>
			<array/>
			<key>isa</key>
			<string>PBXShellScriptBuildPhase</string>
			<key>name</key>
			<string>Check Pods Manifest.lock</string>
			<key>outputPaths</key>
			<array/>
			<key>runOnlyForDeploymentPostprocessing</key>
			<string>0</string>
			<key>shellPath</key>
			<string>/bin/sh</string>
			<key>shellScript</key>
			<string>diff "${PODS_ROOT}/../Podfile.lock" "${PODS_ROOT}/Manifest.lock" &gt; /dev/null
if [[ $? != 0 ]] ; then
    cat &lt;&lt; EOM
error: The sandbox is not in sync with the Podfile.lock. Run 'pod install' or update your CocoaPods installation.
EOM
    exit 1
fi
</string>
			<key>showEnvVarsInLog</key>
			<string>0</string>
		</dict>
		<key>A38473B11CADAF7200ED08CA</key>
		<dict>
			<key>fileEncoding</key>
			<string>4</string>
			<key>isa</key>
			<string>PBXFileReference</string>
			<key>lastKnownFileType</key>
			<string>sourcecode.c.h</string>
			<key>path</key>
			<string>Annotation.h</string>
			<key>sourceTree</key>
			<string>&lt;group&gt;</string>
		</dict>
		<key>A38473B21CADAF7200ED08CA</key>
		<dict>
			<key>fileEncoding</key>
			<string>4</string>
			<key>isa</key>
			<string>PBXFileReference</string>
			<key>lastKnownFileType</key>
			<string>sourcecode.c.objc</string>
			<key>path</key>
			<string>Annotation.m</string>
			<key>sourceTree</key>
			<string>&lt;group&gt;</string>
		</dict>
		<key>A38473B31CADAF7200ED08CA</key>
		<dict>
			<key>fileRef</key>
			<string>A38473B21CADAF7200ED08CA</string>
			<key>isa</key>
			<string>PBXBuildFile</string>
		</dict>
		<key>A38473B41CADAFC300ED08CA</key>
		<dict>
			<key>fileEncoding</key>
			<string>4</string>
			<key>isa</key>
			<string>PBXFileReference</string>
			<key>lastKnownFileType</key>
			<string>sourcecode.c.h</string>
			<key>path</key>
			<string>SampleZipCodes.h</string>
			<key>sourceTree</key>
			<string>&lt;group&gt;</string>
		</dict>
		<key>A38473B51CADAFC300ED08CA</key>
		<dict>
			<key>fileEncoding</key>
			<string>4</string>
			<key>isa</key>
			<string>PBXFileReference</string>
			<key>lastKnownFileType</key>
			<string>sourcecode.c.objc</string>
			<key>path</key>
			<string>SampleZipCodes.m</string>
			<key>sourceTree</key>
			<string>&lt;group&gt;</string>
		</dict>
		<key>A38473B61CADAFC300ED08CA</key>
		<dict>
			<key>fileRef</key>
			<string>A38473B51CADAFC300ED08CA</string>
			<key>isa</key>
			<string>PBXBuildFile</string>
		</dict>
		<key>AAC71EDC0DAE98F737E5FE27</key>
		<dict>
			<key>buildActionMask</key>
			<string>2147483647</string>
			<key>files</key>
			<array/>
			<key>inputPaths</key>
			<array/>
			<key>isa</key>
			<string>PBXShellScriptBuildPhase</string>
			<key>name</key>
			<string>Embed Pods Frameworks</string>
			<key>outputPaths</key>
			<array/>
			<key>runOnlyForDeploymentPostprocessing</key>
			<string>0</string>
			<key>shellPath</key>
			<string>/bin/sh</string>
			<key>shellScript</key>
			<string>"${SRCROOT}/Pods/Target Support Files/Pods-FarmersMarketLocator/Pods-FarmersMarketLocator-frameworks.sh"
</string>
			<key>showEnvVarsInLog</key>
			<string>0</string>
		</dict>
		<key>E1F95DCB1CAB12D6009DA977</key>
		<dict>
			<key>fileEncoding</key>
			<string>4</string>
			<key>isa</key>
			<string>PBXFileReference</string>
			<key>lastKnownFileType</key>
			<string>sourcecode.c.h</string>
			<key>path</key>
			<string>FMLAPIClient.h</string>
			<key>sourceTree</key>
			<string>&lt;group&gt;</string>
		</dict>
		<key>E1F95DCC1CAB12D6009DA977</key>
		<dict>
			<key>fileEncoding</key>
			<string>4</string>
			<key>isa</key>
			<string>PBXFileReference</string>
			<key>lastKnownFileType</key>
			<string>sourcecode.c.objc</string>
			<key>path</key>
			<string>FMLAPIClient.m</string>
			<key>sourceTree</key>
			<string>&lt;group&gt;</string>
		</dict>
		<key>E1F95DCD1CAB12D6009DA977</key>
		<dict>
			<key>fileRef</key>
			<string>E1F95DCC1CAB12D6009DA977</string>
			<key>isa</key>
			<string>PBXBuildFile</string>
		</dict>
		<key>E426A69268E3DA9622C8E051</key>
		<dict>
			<key>includeInIndex</key>
			<string>1</string>
			<key>isa</key>
			<string>PBXFileReference</string>
			<key>lastKnownFileType</key>
			<string>text.xcconfig</string>
			<key>name</key>
			<string>Pods-FarmersMarketLocator.debug.xcconfig</string>
			<key>path</key>
			<string>Pods/Target Support Files/Pods-FarmersMarketLocator/Pods-FarmersMarketLocator.debug.xcconfig</string>
			<key>sourceTree</key>
			<string>&lt;group&gt;</string>
		</dict>
		<key>F6DD38CCFF2543FDA5788BC3</key>
		<dict>
			<key>children</key>
			<array>
				<string>8BC2BA3D1CADCAF0005DD7F3</string>
				<string>8BC2BA3B1CADCAEB005DD7F3</string>
				<string>0DE4A825F3A5ADCB70B3E46A</string>
			</array>
			<key>isa</key>
			<string>PBXGroup</string>
			<key>name</key>
			<string>Frameworks</string>
			<key>sourceTree</key>
			<string>&lt;group&gt;</string>
		</dict>
	</dict>
	<key>rootObject</key>
	<string>1F3ED9511CAB0AE40038F590</string>
</dict>
</plist>
